
Microsoft Visual Studio Solution File, Format Version 12.00
# Visual Studio Version 17
VisualStudioVersion = 17.14.36327.8
MinimumVisualStudioVersion = 10.0.40219.1
Project("{FAE04EC0-301F-11D3-BF4B-00C04F79EFBC}") = "Library Management System - 1st C# Project", "Library Management System - 1st C# Project.csproj", "{74488096-EF45-4C25-954E-C3EA11C849E6}"
EndProject
Project("{FAE04EC0-301F-11D3-BF4B-00C04F79EFBC}") = "Library.Manager.App.UI", "..\Library.Manager.App.UI\Library.Manager.App.UI.csproj", "{AB76F3C4-4DFE-41A5-8751-478975119327}"
EndProject
Global
	GlobalSection(SolutionConfigurationPlatforms) = preSolution
		Debug|Any CPU = Debug|Any CPU
		Release|Any CPU = Release|Any CPU
	EndGlobalSection
	GlobalSection(ProjectConfigurationPlatforms) = postSolution
		{74488096-EF45-4C25-954E-C3EA11C849E6}.Debug|Any CPU.ActiveCfg = Debug|Any CPU
		{74488096-EF45-4C25-954E-C3EA11C849E6}.Debug|Any CPU.Build.0 = Debug|Any CPU
		{74488096-EF45-4C25-954E-C3EA11C849E6}.Release|Any CPU.ActiveCfg = Release|Any CPU
		{74488096-EF45-4C25-954E-C3EA11C849E6}.Release|Any CPU.Build.0 = Release|Any CPU
		{AB76F3C4-4DFE-41A5-8751-478975119327}.Debug|Any CPU.ActiveCfg = Debug|Any CPU
		{AB76F3C4-4DFE-41A5-8751-478975119327}.Debug|Any CPU.Build.0 = Debug|Any CPU
		{AB76F3C4-4DFE-41A5-8751-478975119327}.Release|Any CPU.ActiveCfg = Release|Any CPU
		{AB76F3C4-4DFE-41A5-8751-478975119327}.Release|Any CPU.Build.0 = Release|Any CPU
	EndGlobalSection
	GlobalSection(SolutionProperties) = preSolution
		HideSolutionNode = FALSE
	EndGlobalSection
	GlobalSection(ExtensibilityGlobals) = postSolution
		SolutionGuid = {1942075B-E96F-4810-B9D5-39185274F3AE}
	EndGlobalSection
EndGlobal
